
Microsoft Visual Studio Solution File, Format Version 12.00
# Visual Studio Version 17
VisualStudioVersion = 17.3.32804.467
MinimumVisualStudioVersion = 10.0.40219.1
Project("{9A19103F-16F7-4668-BE54-9A1E7A4F7556}") = "GoalZonePremierLig.Web.Api", "GoalZonePremierLig.Web.Api\GoalZonePremierLig.Web.Api.csproj", "{51C90983-C819-4B78-B3D3-77867FD2CF2B}"
EndProject
Project("{FAE04EC0-301F-11D3-BF4B-00C04F79EFBC}") = "GoalZonePremierLig.UI", "GoalZonePremierLig.UI\GoalZonePremierLig.UI.csproj", "{C9BFB960-DA37-45E0-8C0E-74E4A5F38B63}"
EndProject
Global
	GlobalSection(SolutionConfigurationPlatforms) = preSolution
		Debug|Any CPU = Debug|Any CPU
		Release|Any CPU = Release|Any CPU
	EndGlobalSection
	GlobalSection(ProjectConfigurationPlatforms) = postSolution
		{51C90983-C819-4B78-B3D3-77867FD2CF2B}.Debug|Any CPU.ActiveCfg = Debug|Any CPU
		{51C90983-C819-4B78-B3D3-77867FD2CF2B}.Debug|Any CPU.Build.0 = Debug|Any CPU
		{51C90983-C819-4B78-B3D3-77867FD2CF2B}.Release|Any CPU.ActiveCfg = Release|Any CPU
		{51C90983-C819-4B78-B3D3-77867FD2CF2B}.Release|Any CPU.Build.0 = Release|Any CPU
		{C9BFB960-DA37-45E0-8C0E-74E4A5F38B63}.Debug|Any CPU.ActiveCfg = Debug|Any CPU
		{C9BFB960-DA37-45E0-8C0E-74E4A5F38B63}.Debug|Any CPU.Build.0 = Debug|Any CPU
		{C9BFB960-DA37-45E0-8C0E-74E4A5F38B63}.Release|Any CPU.ActiveCfg = Release|Any CPU
		{C9BFB960-DA37-45E0-8C0E-74E4A5F38B63}.Release|Any CPU.Build.0 = Release|Any CPU
	EndGlobalSection
	GlobalSection(SolutionProperties) = preSolution
		HideSolutionNode = FALSE
	EndGlobalSection
	GlobalSection(ExtensibilityGlobals) = postSolution
		SolutionGuid = {32DD5A0F-816B-42E6-95C7-787C53B9690D}
	EndGlobalSection
EndGlobal
